
Microsoft Visual Studio Solution File, Format Version 12.00
# Visual Studio Version 17
VisualStudioVersion = 17.4.33122.133
MinimumVisualStudioVersion = 10.0.40219.1
Project("{FAE04EC0-301F-11D3-BF4B-00C04F79EFBC}") = "Szamologep", "Szamologep\Szamologep.csproj", "{9F40F870-5BFF-42B9-8D83-E9D99D2702A5}"
EndProject
Global
	GlobalSection(SolutionConfigurationPlatforms) = preSolution
		Debug|Any CPU = Debug|Any CPU
		Release|Any CPU = Release|Any CPU
	EndGlobalSection
	GlobalSection(ProjectConfigurationPlatforms) = postSolution
		{9F40F870-5BFF-42B9-8D83-E9D99D2702A5}.Debug|Any CPU.ActiveCfg = Debug|Any CPU
		{9F40F870-5BFF-42B9-8D83-E9D99D2702A5}.Debug|Any CPU.Build.0 = Debug|Any CPU
		{9F40F870-5BFF-42B9-8D83-E9D99D2702A5}.Release|Any CPU.ActiveCfg = Release|Any CPU
		{9F40F870-5BFF-42B9-8D83-E9D99D2702A5}.Release|Any CPU.Build.0 = Release|Any CPU
	EndGlobalSection
	GlobalSection(SolutionProperties) = preSolution
		HideSolutionNode = FALSE
	EndGlobalSection
	GlobalSection(ExtensibilityGlobals) = postSolution
		SolutionGuid = {584F1645-A0BE-4479-AE94-A1D64F6CE4B5}
	EndGlobalSection
EndGlobal
